
Microsoft Visual Studio Solution File, Format Version 12.00
# Visual Studio 15
VisualStudioVersion = 15.0.28010.2046
MinimumVisualStudioVersion = 10.0.40219.1
Project("{FAE04EC0-301F-11D3-BF4B-00C04F79EFBC}") = "Formation_Personnel", "Formation_Personnel\Formation_Personnel.csproj", "{DD830A3F-C916-4D35-BEA1-15D61937D5CF}"
EndProject
Project("{FAE04EC0-301F-11D3-BF4B-00C04F79EFBC}") = "Customer", "Customer\Customer.csproj", "{DB45B10C-BF66-4483-B385-ABEF66A2B3EE}"
EndProject
Project("{FAE04EC0-301F-11D3-BF4B-00C04F79EFBC}") = "Etudiant", "Etudiant\Etudiant.csproj", "{DCC4690B-F397-4B61-9FEF-EE3E753FDF76}"
EndProject
Project("{FAE04EC0-301F-11D3-BF4B-00C04F79EFBC}") = "REFERENCER", "Reference\REFERENCER.csproj", "{E7E48BCB-7DE0-4C53-8353-6E8F2447E767}"
EndProject
Project("{FAE04EC0-301F-11D3-BF4B-00C04F79EFBC}") = "PARAMS", "PARAMS\PARAMS.csproj", "{94942CF3-D02E-40FB-B9A7-B3361D386A6D}"
EndProject
Project("{FAE04EC0-301F-11D3-BF4B-00C04F79EFBC}") = "METHODS", "METHODS\METHODS.csproj", "{28B952D8-6FB1-4C0C-B0D7-5EC63ECA6DDF}"
EndProject
Project("{FAE04EC0-301F-11D3-BF4B-00C04F79EFBC}") = "FIELDS", "FIELDS\FIELDS.csproj", "{663EA892-FCE9-43AE-A906-284554B6D9B4}"
EndProject
Project("{FAE04EC0-301F-11D3-BF4B-00C04F79EFBC}") = "AccessModifiers", "AccessModifiers\AccessModifiers.csproj", "{E86E94CA-58F4-43EA-86A5-CD1D2FE21683}"
EndProject
Project("{9A19103F-16F7-4668-BE54-9A1E7A4F7556}") = "METHODEOVRRIDE", "METHODEOVRRIDE\METHODEOVRRIDE.csproj", "{E78A800B-93E0-4D0C-B4A4-4160104C449C}"
EndProject
Project("{9A19103F-16F7-4668-BE54-9A1E7A4F7556}") = "ABSTRACT_CLASS", "ABSTRACT_CLASS\ABSTRACT_CLASS.csproj", "{F60E2DE9-0718-41A7-BC1A-1FE11CB2E0E6}"
EndProject
Project("{FAE04EC0-301F-11D3-BF4B-00C04F79EFBC}") = "EXTENSIBILITY", "EXTENSIBILITY\EXTENSIBILITY.csproj", "{2FDCD6D0-9CA6-4BF8-A285-4C37E375CD49}"
EndProject
Project("{FAE04EC0-301F-11D3-BF4B-00C04F79EFBC}") = "UTILISER_USING", "UTILISER_USING\UTILISER_USING.csproj", "{D30712D7-46B3-4D56-A6C1-BF21657602B9}"
EndProject
Project("{FAE04EC0-301F-11D3-BF4B-00C04F79EFBC}") = "QUIZ", "QUIZ\QUIZ.csproj", "{2D00CE84-8642-4C3F-B9FA-B8AD5F5FADCC}"
EndProject
Project("{FAE04EC0-301F-11D3-BF4B-00C04F79EFBC}") = "DELEGATE", "DELEGATE\DELEGATE.csproj", "{43557D6E-CAC8-48E8-9BF4-63C3C11403CA}"
EndProject
Project("{FAE04EC0-301F-11D3-BF4B-00C04F79EFBC}") = "DELEGATES_ESSAI", "DELEGATES_ESSAI\DELEGATES_ESSAI.csproj", "{5F7F0A51-18F1-4594-8B93-9DE3C8BC19E6}"
EndProject
Project("{FAE04EC0-301F-11D3-BF4B-00C04F79EFBC}") = "LAMBDA_EXPRESSION", "LAMBDA_EXPRESSION\LAMBDA_EXPRESSION.csproj", "{703A19EB-1FF2-43DF-9D02-4E9A0689EAE2}"
EndProject
Project("{FAE04EC0-301F-11D3-BF4B-00C04F79EFBC}") = "EVENTandDELEGATE", "EVENTandDELEGATE\EVENTandDELEGATE.csproj", "{4CED02B9-0D7F-4A08-9F41-FE255AB10C38}"
EndProject
Project("{FAE04EC0-301F-11D3-BF4B-00C04F79EFBC}") = "EXTENSION_METHODE", "EXTENSION_METHODE\EXTENSION_METHODE.csproj", "{8ED178BE-6952-4DA1-A3FD-ACD9164727F7}"
EndProject
Project("{FAE04EC0-301F-11D3-BF4B-00C04F79EFBC}") = "LINQ", "LINQ\LINQ.csproj", "{2318FAEC-2EAF-43B5-9D38-9FC1FE96DE1B}"
EndProject
Project("{FAE04EC0-301F-11D3-BF4B-00C04F79EFBC}") = "NullableType", "NullableType\NullableType.csproj", "{D75C73AB-8301-430A-8741-C82806F12F86}"
EndProject
Project("{FAE04EC0-301F-11D3-BF4B-00C04F79EFBC}") = "DYNAMIC", "DYNAMIC\DYNAMIC.csproj", "{81EFF371-7EE9-489B-B7F3-C812405802ED}"
EndProject
Project("{FAE04EC0-301F-11D3-BF4B-00C04F79EFBC}") = "GENERICS", "GENERICS\GENERICS.csproj", "{562AE785-2F89-4C26-A379-B1CFB3E391D2}"
EndProject
Global
	GlobalSection(SolutionConfigurationPlatforms) = preSolution
		Debug|Any CPU = Debug|Any CPU
		Debug|ARM = Debug|ARM
		Debug|x64 = Debug|x64
		Debug|x86 = Debug|x86
		Release|Any CPU = Release|Any CPU
		Release|ARM = Release|ARM
		Release|x64 = Release|x64
		Release|x86 = Release|x86
	EndGlobalSection
	GlobalSection(ProjectConfigurationPlatforms) = postSolution
		{DD830A3F-C916-4D35-BEA1-15D61937D5CF}.Debug|Any CPU.ActiveCfg = Debug|Any CPU
		{DD830A3F-C916-4D35-BEA1-15D61937D5CF}.Debug|Any CPU.Build.0 = Debug|Any CPU
		{DD830A3F-C916-4D35-BEA1-15D61937D5CF}.Debug|ARM.ActiveCfg = Debug|Any CPU
		{DD830A3F-C916-4D35-BEA1-15D61937D5CF}.Debug|ARM.Build.0 = Debug|Any CPU
		{DD830A3F-C916-4D35-BEA1-15D61937D5CF}.Debug|x64.ActiveCfg = Debug|Any CPU
		{DD830A3F-C916-4D35-BEA1-15D61937D5CF}.Debug|x64.Build.0 = Debug|Any CPU
		{DD830A3F-C916-4D35-BEA1-15D61937D5CF}.Debug|x86.ActiveCfg = Debug|Any CPU
		{DD830A3F-C916-4D35-BEA1-15D61937D5CF}.Debug|x86.Build.0 = Debug|Any CPU
		{DD830A3F-C916-4D35-BEA1-15D61937D5CF}.Release|Any CPU.ActiveCfg = Release|Any CPU
		{DD830A3F-C916-4D35-BEA1-15D61937D5CF}.Release|Any CPU.Build.0 = Release|Any CPU
		{DD830A3F-C916-4D35-BEA1-15D61937D5CF}.Release|ARM.ActiveCfg = Release|Any CPU
		{DD830A3F-C916-4D35-BEA1-15D61937D5CF}.Release|ARM.Build.0 = Release|Any CPU
		{DD830A3F-C916-4D35-BEA1-15D61937D5CF}.Release|x64.ActiveCfg = Release|Any CPU
		{DD830A3F-C916-4D35-BEA1-15D61937D5CF}.Release|x64.Build.0 = Release|Any CPU
		{DD830A3F-C916-4D35-BEA1-15D61937D5CF}.Release|x86.ActiveCfg = Release|Any CPU
		{DD830A3F-C916-4D35-BEA1-15D61937D5CF}.Release|x86.Build.0 = Release|Any CPU
		{DB45B10C-BF66-4483-B385-ABEF66A2B3EE}.Debug|Any CPU.ActiveCfg = Debug|Any CPU
		{DB45B10C-BF66-4483-B385-ABEF66A2B3EE}.Debug|Any CPU.Build.0 = Debug|Any CPU
		{DB45B10C-BF66-4483-B385-ABEF66A2B3EE}.Debug|ARM.ActiveCfg = Debug|Any CPU
		{DB45B10C-BF66-4483-B385-ABEF66A2B3EE}.Debug|ARM.Build.0 = Debug|Any CPU
		{DB45B10C-BF66-4483-B385-ABEF66A2B3EE}.Debug|x64.ActiveCfg = Debug|Any CPU
		{DB45B10C-BF66-4483-B385-ABEF66A2B3EE}.Debug|x64.Build.0 = Debug|Any CPU
		{DB45B10C-BF66-4483-B385-ABEF66A2B3EE}.Debug|x86.ActiveCfg = Debug|Any CPU
		{DB45B10C-BF66-4483-B385-ABEF66A2B3EE}.Debug|x86.Build.0 = Debug|Any CPU
		{DB45B10C-BF66-4483-B385-ABEF66A2B3EE}.Release|Any CPU.ActiveCfg = Release|Any CPU
		{DB45B10C-BF66-4483-B385-ABEF66A2B3EE}.Release|Any CPU.Build.0 = Release|Any CPU
		{DB45B10C-BF66-4483-B385-ABEF66A2B3EE}.Release|ARM.ActiveCfg = Release|Any CPU
		{DB45B10C-BF66-4483-B385-ABEF66A2B3EE}.Release|ARM.Build.0 = Release|Any CPU
		{DB45B10C-BF66-4483-B385-ABEF66A2B3EE}.Release|x64.ActiveCfg = Release|Any CPU
		{DB45B10C-BF66-4483-B385-ABEF66A2B3EE}.Release|x64.Build.0 = Release|Any CPU
		{DB45B10C-BF66-4483-B385-ABEF66A2B3EE}.Release|x86.ActiveCfg = Release|Any CPU
		{DB45B10C-BF66-4483-B385-ABEF66A2B3EE}.Release|x86.Build.0 = Release|Any CPU
		{DCC4690B-F397-4B61-9FEF-EE3E753FDF76}.Debug|Any CPU.ActiveCfg = Debug|Any CPU
		{DCC4690B-F397-4B61-9FEF-EE3E753FDF76}.Debug|Any CPU.Build.0 = Debug|Any CPU
		{DCC4690B-F397-4B61-9FEF-EE3E753FDF76}.Debug|ARM.ActiveCfg = Debug|Any CPU
		{DCC4690B-F397-4B61-9FEF-EE3E753FDF76}.Debug|ARM.Build.0 = Debug|Any CPU
		{DCC4690B-F397-4B61-9FEF-EE3E753FDF76}.Debug|x64.ActiveCfg = Debug|Any CPU
		{DCC4690B-F397-4B61-9FEF-EE3E753FDF76}.Debug|x64.Build.0 = Debug|Any CPU
		{DCC4690B-F397-4B61-9FEF-EE3E753FDF76}.Debug|x86.ActiveCfg = Debug|Any CPU
		{DCC4690B-F397-4B61-9FEF-EE3E753FDF76}.Debug|x86.Build.0 = Debug|Any CPU
		{DCC4690B-F397-4B61-9FEF-EE3E753FDF76}.Release|Any CPU.ActiveCfg = Release|Any CPU
		{DCC4690B-F397-4B61-9FEF-EE3E753FDF76}.Release|Any CPU.Build.0 = Release|Any CPU
		{DCC4690B-F397-4B61-9FEF-EE3E753FDF76}.Release|ARM.ActiveCfg = Release|Any CPU
		{DCC4690B-F397-4B61-9FEF-EE3E753FDF76}.Release|ARM.Build.0 = Release|Any CPU
		{DCC4690B-F397-4B61-9FEF-EE3E753FDF76}.Release|x64.ActiveCfg = Release|Any CPU
		{DCC4690B-F397-4B61-9FEF-EE3E753FDF76}.Release|x64.Build.0 = Release|Any CPU
		{DCC4690B-F397-4B61-9FEF-EE3E753FDF76}.Release|x86.ActiveCfg = Release|Any CPU
		{DCC4690B-F397-4B61-9FEF-EE3E753FDF76}.Release|x86.Build.0 = Release|Any CPU
		{E7E48BCB-7DE0-4C53-8353-6E8F2447E767}.Debug|Any CPU.ActiveCfg = Debug|Any CPU
		{E7E48BCB-7DE0-4C53-8353-6E8F2447E767}.Debug|Any CPU.Build.0 = Debug|Any CPU
		{E7E48BCB-7DE0-4C53-8353-6E8F2447E767}.Debug|ARM.ActiveCfg = Debug|Any CPU
		{E7E48BCB-7DE0-4C53-8353-6E8F2447E767}.Debug|ARM.Build.0 = Debug|Any CPU
		{E7E48BCB-7DE0-4C53-8353-6E8F2447E767}.Debug|x64.ActiveCfg = Debug|Any CPU
		{E7E48BCB-7DE0-4C53-8353-6E8F2447E767}.Debug|x64.Build.0 = Debug|Any CPU
		{E7E48BCB-7DE0-4C53-8353-6E8F2447E767}.Debug|x86.ActiveCfg = Debug|Any CPU
		{E7E48BCB-7DE0-4C53-8353-6E8F2447E767}.Debug|x86.Build.0 = Debug|Any CPU
		{E7E48BCB-7DE0-4C53-8353-6E8F2447E767}.Release|Any CPU.ActiveCfg = Release|Any CPU
		{E7E48BCB-7DE0-4C53-8353-6E8F2447E767}.Release|Any CPU.Build.0 = Release|Any CPU
		{E7E48BCB-7DE0-4C53-8353-6E8F2447E767}.Release|ARM.ActiveCfg = Release|Any CPU
		{E7E48BCB-7DE0-4C53-8353-6E8F2447E767}.Release|ARM.Build.0 = Release|Any CPU
		{E7E48BCB-7DE0-4C53-8353-6E8F2447E767}.Release|x64.ActiveCfg = Release|Any CPU
		{E7E48BCB-7DE0-4C53-8353-6E8F2447E767}.Release|x64.Build.0 = Release|Any CPU
		{E7E48BCB-7DE0-4C53-8353-6E8F2447E767}.Release|x86.ActiveCfg = Release|Any CPU
		{E7E48BCB-7DE0-4C53-8353-6E8F2447E767}.Release|x86.Build.0 = Release|Any CPU
		{94942CF3-D02E-40FB-B9A7-B3361D386A6D}.Debug|Any CPU.ActiveCfg = Debug|Any CPU
		{94942CF3-D02E-40FB-B9A7-B3361D386A6D}.Debug|Any CPU.Build.0 = Debug|Any CPU
		{94942CF3-D02E-40FB-B9A7-B3361D386A6D}.Debug|ARM.ActiveCfg = Debug|Any CPU
		{94942CF3-D02E-40FB-B9A7-B3361D386A6D}.Debug|ARM.Build.0 = Debug|Any CPU
		{94942CF3-D02E-40FB-B9A7-B3361D386A6D}.Debug|x64.ActiveCfg = Debug|Any CPU
		{94942CF3-D02E-40FB-B9A7-B3361D386A6D}.Debug|x64.Build.0 = Debug|Any CPU
		{94942CF3-D02E-40FB-B9A7-B3361D386A6D}.Debug|x86.ActiveCfg = Debug|Any CPU
		{94942CF3-D02E-40FB-B9A7-B3361D386A6D}.Debug|x86.Build.0 = Debug|Any CPU
		{94942CF3-D02E-40FB-B9A7-B3361D386A6D}.Release|Any CPU.ActiveCfg = Release|Any CPU
		{94942CF3-D02E-40FB-B9A7-B3361D386A6D}.Release|Any CPU.Build.0 = Release|Any CPU
		{94942CF3-D02E-40FB-B9A7-B3361D386A6D}.Release|ARM.ActiveCfg = Release|Any CPU
		{94942CF3-D02E-40FB-B9A7-B3361D386A6D}.Release|ARM.Build.0 = Release|Any CPU
		{94942CF3-D02E-40FB-B9A7-B3361D386A6D}.Release|x64.ActiveCfg = Release|Any CPU
		{94942CF3-D02E-40FB-B9A7-B3361D386A6D}.Release|x64.Build.0 = Release|Any CPU
		{94942CF3-D02E-40FB-B9A7-B3361D386A6D}.Release|x86.ActiveCfg = Release|Any CPU
		{94942CF3-D02E-40FB-B9A7-B3361D386A6D}.Release|x86.Build.0 = Release|Any CPU
		{28B952D8-6FB1-4C0C-B0D7-5EC63ECA6DDF}.Debug|Any CPU.ActiveCfg = Debug|Any CPU
		{28B952D8-6FB1-4C0C-B0D7-5EC63ECA6DDF}.Debug|Any CPU.Build.0 = Debug|Any CPU
		{28B952D8-6FB1-4C0C-B0D7-5EC63ECA6DDF}.Debug|ARM.ActiveCfg = Debug|Any CPU
		{28B952D8-6FB1-4C0C-B0D7-5EC63ECA6DDF}.Debug|ARM.Build.0 = Debug|Any CPU
		{28B952D8-6FB1-4C0C-B0D7-5EC63ECA6DDF}.Debug|x64.ActiveCfg = Debug|Any CPU
		{28B952D8-6FB1-4C0C-B0D7-5EC63ECA6DDF}.Debug|x64.Build.0 = Debug|Any CPU
		{28B952D8-6FB1-4C0C-B0D7-5EC63ECA6DDF}.Debug|x86.ActiveCfg = Debug|Any CPU
		{28B952D8-6FB1-4C0C-B0D7-5EC63ECA6DDF}.Debug|x86.Build.0 = Debug|Any CPU
		{28B952D8-6FB1-4C0C-B0D7-5EC63ECA6DDF}.Release|Any CPU.ActiveCfg = Release|Any CPU
		{28B952D8-6FB1-4C0C-B0D7-5EC63ECA6DDF}.Release|Any CPU.Build.0 = Release|Any CPU
		{28B952D8-6FB1-4C0C-B0D7-5EC63ECA6DDF}.Release|ARM.ActiveCfg = Release|Any CPU
		{28B952D8-6FB1-4C0C-B0D7-5EC63ECA6DDF}.Release|ARM.Build.0 = Release|Any CPU
		{28B952D8-6FB1-4C0C-B0D7-5EC63ECA6DDF}.Release|x64.ActiveCfg = Release|Any CPU
		{28B952D8-6FB1-4C0C-B0D7-5EC63ECA6DDF}.Release|x64.Build.0 = Release|Any CPU
		{28B952D8-6FB1-4C0C-B0D7-5EC63ECA6DDF}.Release|x86.ActiveCfg = Release|Any CPU
		{28B952D8-6FB1-4C0C-B0D7-5EC63ECA6DDF}.Release|x86.Build.0 = Release|Any CPU
		{663EA892-FCE9-43AE-A906-284554B6D9B4}.Debug|Any CPU.ActiveCfg = Debug|Any CPU
		{663EA892-FCE9-43AE-A906-284554B6D9B4}.Debug|Any CPU.Build.0 = Debug|Any CPU
		{663EA892-FCE9-43AE-A906-284554B6D9B4}.Debug|ARM.ActiveCfg = Debug|Any CPU
		{663EA892-FCE9-43AE-A906-284554B6D9B4}.Debug|ARM.Build.0 = Debug|Any CPU
		{663EA892-FCE9-43AE-A906-284554B6D9B4}.Debug|x64.ActiveCfg = Debug|Any CPU
		{663EA892-FCE9-43AE-A906-284554B6D9B4}.Debug|x64.Build.0 = Debug|Any CPU
		{663EA892-FCE9-43AE-A906-284554B6D9B4}.Debug|x86.ActiveCfg = Debug|Any CPU
		{663EA892-FCE9-43AE-A906-284554B6D9B4}.Debug|x86.Build.0 = Debug|Any CPU
		{663EA892-FCE9-43AE-A906-284554B6D9B4}.Release|Any CPU.ActiveCfg = Release|Any CPU
		{663EA892-FCE9-43AE-A906-284554B6D9B4}.Release|Any CPU.Build.0 = Release|Any CPU
		{663EA892-FCE9-43AE-A906-284554B6D9B4}.Release|ARM.ActiveCfg = Release|Any CPU
		{663EA892-FCE9-43AE-A906-284554B6D9B4}.Release|ARM.Build.0 = Release|Any CPU
		{663EA892-FCE9-43AE-A906-284554B6D9B4}.Release|x64.ActiveCfg = Release|Any CPU
		{663EA892-FCE9-43AE-A906-284554B6D9B4}.Release|x64.Build.0 = Release|Any CPU
		{663EA892-FCE9-43AE-A906-284554B6D9B4}.Release|x86.ActiveCfg = Release|Any CPU
		{663EA892-FCE9-43AE-A906-284554B6D9B4}.Release|x86.Build.0 = Release|Any CPU
		{E86E94CA-58F4-43EA-86A5-CD1D2FE21683}.Debug|Any CPU.ActiveCfg = Debug|Any CPU
		{E86E94CA-58F4-43EA-86A5-CD1D2FE21683}.Debug|Any CPU.Build.0 = Debug|Any CPU
		{E86E94CA-58F4-43EA-86A5-CD1D2FE21683}.Debug|ARM.ActiveCfg = Debug|Any CPU
		{E86E94CA-58F4-43EA-86A5-CD1D2FE21683}.Debug|ARM.Build.0 = Debug|Any CPU
		{E86E94CA-58F4-43EA-86A5-CD1D2FE21683}.Debug|x64.ActiveCfg = Debug|Any CPU
		{E86E94CA-58F4-43EA-86A5-CD1D2FE21683}.Debug|x64.Build.0 = Debug|Any CPU
		{E86E94CA-58F4-43EA-86A5-CD1D2FE21683}.Debug|x86.ActiveCfg = Debug|Any CPU
		{E86E94CA-58F4-43EA-86A5-CD1D2FE21683}.Debug|x86.Build.0 = Debug|Any CPU
		{E86E94CA-58F4-43EA-86A5-CD1D2FE21683}.Release|Any CPU.ActiveCfg = Release|Any CPU
		{E86E94CA-58F4-43EA-86A5-CD1D2FE21683}.Release|Any CPU.Build.0 = Release|Any CPU
		{E86E94CA-58F4-43EA-86A5-CD1D2FE21683}.Release|ARM.ActiveCfg = Release|Any CPU
		{E86E94CA-58F4-43EA-86A5-CD1D2FE21683}.Release|ARM.Build.0 = Release|Any CPU
		{E86E94CA-58F4-43EA-86A5-CD1D2FE21683}.Release|x64.ActiveCfg = Release|Any CPU
		{E86E94CA-58F4-43EA-86A5-CD1D2FE21683}.Release|x64.Build.0 = Release|Any CPU
		{E86E94CA-58F4-43EA-86A5-CD1D2FE21683}.Release|x86.ActiveCfg = Release|Any CPU
		{E86E94CA-58F4-43EA-86A5-CD1D2FE21683}.Release|x86.Build.0 = Release|Any CPU
		{E78A800B-93E0-4D0C-B4A4-4160104C449C}.Debug|Any CPU.ActiveCfg = Debug|Any CPU
		{E78A800B-93E0-4D0C-B4A4-4160104C449C}.Debug|Any CPU.Build.0 = Debug|Any CPU
		{E78A800B-93E0-4D0C-B4A4-4160104C449C}.Debug|ARM.ActiveCfg = Debug|Any CPU
		{E78A800B-93E0-4D0C-B4A4-4160104C449C}.Debug|ARM.Build.0 = Debug|Any CPU
		{E78A800B-93E0-4D0C-B4A4-4160104C449C}.Debug|x64.ActiveCfg = Debug|Any CPU
		{E78A800B-93E0-4D0C-B4A4-4160104C449C}.Debug|x64.Build.0 = Debug|Any CPU
		{E78A800B-93E0-4D0C-B4A4-4160104C449C}.Debug|x86.ActiveCfg = Debug|Any CPU
		{E78A800B-93E0-4D0C-B4A4-4160104C449C}.Debug|x86.Build.0 = Debug|Any CPU
		{E78A800B-93E0-4D0C-B4A4-4160104C449C}.Release|Any CPU.ActiveCfg = Release|Any CPU
		{E78A800B-93E0-4D0C-B4A4-4160104C449C}.Release|Any CPU.Build.0 = Release|Any CPU
		{E78A800B-93E0-4D0C-B4A4-4160104C449C}.Release|ARM.ActiveCfg = Release|Any CPU
		{E78A800B-93E0-4D0C-B4A4-4160104C449C}.Release|ARM.Build.0 = Release|Any CPU
		{E78A800B-93E0-4D0C-B4A4-4160104C449C}.Release|x64.ActiveCfg = Release|Any CPU
		{E78A800B-93E0-4D0C-B4A4-4160104C449C}.Release|x64.Build.0 = Release|Any CPU
		{E78A800B-93E0-4D0C-B4A4-4160104C449C}.Release|x86.ActiveCfg = Release|Any CPU
		{E78A800B-93E0-4D0C-B4A4-4160104C449C}.Release|x86.Build.0 = Release|Any CPU
		{F60E2DE9-0718-41A7-BC1A-1FE11CB2E0E6}.Debug|Any CPU.ActiveCfg = Debug|Any CPU
		{F60E2DE9-0718-41A7-BC1A-1FE11CB2E0E6}.Debug|Any CPU.Build.0 = Debug|Any CPU
		{F60E2DE9-0718-41A7-BC1A-1FE11CB2E0E6}.Debug|ARM.ActiveCfg = Debug|Any CPU
		{F60E2DE9-0718-41A7-BC1A-1FE11CB2E0E6}.Debug|ARM.Build.0 = Debug|Any CPU
		{F60E2DE9-0718-41A7-BC1A-1FE11CB2E0E6}.Debug|x64.ActiveCfg = Debug|Any CPU
		{F60E2DE9-0718-41A7-BC1A-1FE11CB2E0E6}.Debug|x64.Build.0 = Debug|Any CPU
		{F60E2DE9-0718-41A7-BC1A-1FE11CB2E0E6}.Debug|x86.ActiveCfg = Debug|Any CPU
		{F60E2DE9-0718-41A7-BC1A-1FE11CB2E0E6}.Debug|x86.Build.0 = Debug|Any CPU
		{F60E2DE9-0718-41A7-BC1A-1FE11CB2E0E6}.Release|Any CPU.ActiveCfg = Release|Any CPU
		{F60E2DE9-0718-41A7-BC1A-1FE11CB2E0E6}.Release|Any CPU.Build.0 = Release|Any CPU
		{F60E2DE9-0718-41A7-BC1A-1FE11CB2E0E6}.Release|ARM.ActiveCfg = Release|Any CPU
		{F60E2DE9-0718-41A7-BC1A-1FE11CB2E0E6}.Release|ARM.Build.0 = Release|Any CPU
		{F60E2DE9-0718-41A7-BC1A-1FE11CB2E0E6}.Release|x64.ActiveCfg = Release|Any CPU
		{F60E2DE9-0718-41A7-BC1A-1FE11CB2E0E6}.Release|x64.Build.0 = Release|Any CPU
		{F60E2DE9-0718-41A7-BC1A-1FE11CB2E0E6}.Release|x86.ActiveCfg = Release|Any CPU
		{F60E2DE9-0718-41A7-BC1A-1FE11CB2E0E6}.Release|x86.Build.0 = Release|Any CPU
		{2FDCD6D0-9CA6-4BF8-A285-4C37E375CD49}.Debug|Any CPU.ActiveCfg = Debug|Any CPU
		{2FDCD6D0-9CA6-4BF8-A285-4C37E375CD49}.Debug|Any CPU.Build.0 = Debug|Any CPU
		{2FDCD6D0-9CA6-4BF8-A285-4C37E375CD49}.Debug|ARM.ActiveCfg = Debug|Any CPU
		{2FDCD6D0-9CA6-4BF8-A285-4C37E375CD49}.Debug|ARM.Build.0 = Debug|Any CPU
		{2FDCD6D0-9CA6-4BF8-A285-4C37E375CD49}.Debug|x64.ActiveCfg = Debug|Any CPU
		{2FDCD6D0-9CA6-4BF8-A285-4C37E375CD49}.Debug|x64.Build.0 = Debug|Any CPU
		{2FDCD6D0-9CA6-4BF8-A285-4C37E375CD49}.Debug|x86.ActiveCfg = Debug|Any CPU
		{2FDCD6D0-9CA6-4BF8-A285-4C37E375CD49}.Debug|x86.Build.0 = Debug|Any CPU
		{2FDCD6D0-9CA6-4BF8-A285-4C37E375CD49}.Release|Any CPU.ActiveCfg = Release|Any CPU
		{2FDCD6D0-9CA6-4BF8-A285-4C37E375CD49}.Release|Any CPU.Build.0 = Release|Any CPU
		{2FDCD6D0-9CA6-4BF8-A285-4C37E375CD49}.Release|ARM.ActiveCfg = Release|Any CPU
		{2FDCD6D0-9CA6-4BF8-A285-4C37E375CD49}.Release|ARM.Build.0 = Release|Any CPU
		{2FDCD6D0-9CA6-4BF8-A285-4C37E375CD49}.Release|x64.ActiveCfg = Release|Any CPU
		{2FDCD6D0-9CA6-4BF8-A285-4C37E375CD49}.Release|x64.Build.0 = Release|Any CPU
		{2FDCD6D0-9CA6-4BF8-A285-4C37E375CD49}.Release|x86.ActiveCfg = Release|Any CPU
		{2FDCD6D0-9CA6-4BF8-A285-4C37E375CD49}.Release|x86.Build.0 = Release|Any CPU
		{D30712D7-46B3-4D56-A6C1-BF21657602B9}.Debug|Any CPU.ActiveCfg = Debug|Any CPU
		{D30712D7-46B3-4D56-A6C1-BF21657602B9}.Debug|Any CPU.Build.0 = Debug|Any CPU
		{D30712D7-46B3-4D56-A6C1-BF21657602B9}.Debug|ARM.ActiveCfg = Debug|Any CPU
		{D30712D7-46B3-4D56-A6C1-BF21657602B9}.Debug|ARM.Build.0 = Debug|Any CPU
		{D30712D7-46B3-4D56-A6C1-BF21657602B9}.Debug|x64.ActiveCfg = Debug|Any CPU
		{D30712D7-46B3-4D56-A6C1-BF21657602B9}.Debug|x64.Build.0 = Debug|Any CPU
		{D30712D7-46B3-4D56-A6C1-BF21657602B9}.Debug|x86.ActiveCfg = Debug|Any CPU
		{D30712D7-46B3-4D56-A6C1-BF21657602B9}.Debug|x86.Build.0 = Debug|Any CPU
		{D30712D7-46B3-4D56-A6C1-BF21657602B9}.Release|Any CPU.ActiveCfg = Release|Any CPU
		{D30712D7-46B3-4D56-A6C1-BF21657602B9}.Release|Any CPU.Build.0 = Release|Any CPU
		{D30712D7-46B3-4D56-A6C1-BF21657602B9}.Release|ARM.ActiveCfg = Release|Any CPU
		{D30712D7-46B3-4D56-A6C1-BF21657602B9}.Release|ARM.Build.0 = Release|Any CPU
		{D30712D7-46B3-4D56-A6C1-BF21657602B9}.Release|x64.ActiveCfg = Release|Any CPU
		{D30712D7-46B3-4D56-A6C1-BF21657602B9}.Release|x64.Build.0 = Release|Any CPU
		{D30712D7-46B3-4D56-A6C1-BF21657602B9}.Release|x86.ActiveCfg = Release|Any CPU
		{D30712D7-46B3-4D56-A6C1-BF21657602B9}.Release|x86.Build.0 = Release|Any CPU
		{2D00CE84-8642-4C3F-B9FA-B8AD5F5FADCC}.Debug|Any CPU.ActiveCfg = Debug|Any CPU
		{2D00CE84-8642-4C3F-B9FA-B8AD5F5FADCC}.Debug|Any CPU.Build.0 = Debug|Any CPU
		{2D00CE84-8642-4C3F-B9FA-B8AD5F5FADCC}.Debug|ARM.ActiveCfg = Debug|Any CPU
		{2D00CE84-8642-4C3F-B9FA-B8AD5F5FADCC}.Debug|ARM.Build.0 = Debug|Any CPU
		{2D00CE84-8642-4C3F-B9FA-B8AD5F5FADCC}.Debug|x64.ActiveCfg = Debug|Any CPU
		{2D00CE84-8642-4C3F-B9FA-B8AD5F5FADCC}.Debug|x64.Build.0 = Debug|Any CPU
		{2D00CE84-8642-4C3F-B9FA-B8AD5F5FADCC}.Debug|x86.ActiveCfg = Debug|Any CPU
		{2D00CE84-8642-4C3F-B9FA-B8AD5F5FADCC}.Debug|x86.Build.0 = Debug|Any CPU
		{2D00CE84-8642-4C3F-B9FA-B8AD5F5FADCC}.Release|Any CPU.ActiveCfg = Release|Any CPU
		{2D00CE84-8642-4C3F-B9FA-B8AD5F5FADCC}.Release|Any CPU.Build.0 = Release|Any CPU
		{2D00CE84-8642-4C3F-B9FA-B8AD5F5FADCC}.Release|ARM.ActiveCfg = Release|Any CPU
		{2D00CE84-8642-4C3F-B9FA-B8AD5F5FADCC}.Release|ARM.Build.0 = Release|Any CPU
		{2D00CE84-8642-4C3F-B9FA-B8AD5F5FADCC}.Release|x64.ActiveCfg = Release|Any CPU
		{2D00CE84-8642-4C3F-B9FA-B8AD5F5FADCC}.Release|x64.Build.0 = Release|Any CPU
		{2D00CE84-8642-4C3F-B9FA-B8AD5F5FADCC}.Release|x86.ActiveCfg = Release|Any CPU
		{2D00CE84-8642-4C3F-B9FA-B8AD5F5FADCC}.Release|x86.Build.0 = Release|Any CPU
		{43557D6E-CAC8-48E8-9BF4-63C3C11403CA}.Debug|Any CPU.ActiveCfg = Debug|Any CPU
		{43557D6E-CAC8-48E8-9BF4-63C3C11403CA}.Debug|Any CPU.Build.0 = Debug|Any CPU
		{43557D6E-CAC8-48E8-9BF4-63C3C11403CA}.Debug|ARM.ActiveCfg = Debug|Any CPU
		{43557D6E-CAC8-48E8-9BF4-63C3C11403CA}.Debug|ARM.Build.0 = Debug|Any CPU
		{43557D6E-CAC8-48E8-9BF4-63C3C11403CA}.Debug|x64.ActiveCfg = Debug|Any CPU
		{43557D6E-CAC8-48E8-9BF4-63C3C11403CA}.Debug|x64.Build.0 = Debug|Any CPU
		{43557D6E-CAC8-48E8-9BF4-63C3C11403CA}.Debug|x86.ActiveCfg = Debug|Any CPU
		{43557D6E-CAC8-48E8-9BF4-63C3C11403CA}.Debug|x86.Build.0 = Debug|Any CPU
		{43557D6E-CAC8-48E8-9BF4-63C3C11403CA}.Release|Any CPU.ActiveCfg = Release|Any CPU
		{43557D6E-CAC8-48E8-9BF4-63C3C11403CA}.Release|Any CPU.Build.0 = Release|Any CPU
		{43557D6E-CAC8-48E8-9BF4-63C3C11403CA}.Release|ARM.ActiveCfg = Release|Any CPU
		{43557D6E-CAC8-48E8-9BF4-63C3C11403CA}.Release|ARM.Build.0 = Release|Any CPU
		{43557D6E-CAC8-48E8-9BF4-63C3C11403CA}.Release|x64.ActiveCfg = Release|Any CPU
		{43557D6E-CAC8-48E8-9BF4-63C3C11403CA}.Release|x64.Build.0 = Release|Any CPU
		{43557D6E-CAC8-48E8-9BF4-63C3C11403CA}.Release|x86.ActiveCfg = Release|Any CPU
		{43557D6E-CAC8-48E8-9BF4-63C3C11403CA}.Release|x86.Build.0 = Release|Any CPU
		{5F7F0A51-18F1-4594-8B93-9DE3C8BC19E6}.Debug|Any CPU.ActiveCfg = Debug|Any CPU
		{5F7F0A51-18F1-4594-8B93-9DE3C8BC19E6}.Debug|Any CPU.Build.0 = Debug|Any CPU
		{5F7F0A51-18F1-4594-8B93-9DE3C8BC19E6}.Debug|ARM.ActiveCfg = Debug|Any CPU
		{5F7F0A51-18F1-4594-8B93-9DE3C8BC19E6}.Debug|ARM.Build.0 = Debug|Any CPU
		{5F7F0A51-18F1-4594-8B93-9DE3C8BC19E6}.Debug|x64.ActiveCfg = Debug|Any CPU
		{5F7F0A51-18F1-4594-8B93-9DE3C8BC19E6}.Debug|x64.Build.0 = Debug|Any CPU
		{5F7F0A51-18F1-4594-8B93-9DE3C8BC19E6}.Debug|x86.ActiveCfg = Debug|Any CPU
		{5F7F0A51-18F1-4594-8B93-9DE3C8BC19E6}.Debug|x86.Build.0 = Debug|Any CPU
		{5F7F0A51-18F1-4594-8B93-9DE3C8BC19E6}.Release|Any CPU.ActiveCfg = Release|Any CPU
		{5F7F0A51-18F1-4594-8B93-9DE3C8BC19E6}.Release|Any CPU.Build.0 = Release|Any CPU
		{5F7F0A51-18F1-4594-8B93-9DE3C8BC19E6}.Release|ARM.ActiveCfg = Release|Any CPU
		{5F7F0A51-18F1-4594-8B93-9DE3C8BC19E6}.Release|ARM.Build.0 = Release|Any CPU
		{5F7F0A51-18F1-4594-8B93-9DE3C8BC19E6}.Release|x64.ActiveCfg = Release|Any CPU
		{5F7F0A51-18F1-4594-8B93-9DE3C8BC19E6}.Release|x64.Build.0 = Release|Any CPU
		{5F7F0A51-18F1-4594-8B93-9DE3C8BC19E6}.Release|x86.ActiveCfg = Release|Any CPU
		{5F7F0A51-18F1-4594-8B93-9DE3C8BC19E6}.Release|x86.Build.0 = Release|Any CPU
		{703A19EB-1FF2-43DF-9D02-4E9A0689EAE2}.Debug|Any CPU.ActiveCfg = Debug|Any CPU
		{703A19EB-1FF2-43DF-9D02-4E9A0689EAE2}.Debug|Any CPU.Build.0 = Debug|Any CPU
		{703A19EB-1FF2-43DF-9D02-4E9A0689EAE2}.Debug|ARM.ActiveCfg = Debug|Any CPU
		{703A19EB-1FF2-43DF-9D02-4E9A0689EAE2}.Debug|ARM.Build.0 = Debug|Any CPU
		{703A19EB-1FF2-43DF-9D02-4E9A0689EAE2}.Debug|x64.ActiveCfg = Debug|Any CPU
		{703A19EB-1FF2-43DF-9D02-4E9A0689EAE2}.Debug|x64.Build.0 = Debug|Any CPU
		{703A19EB-1FF2-43DF-9D02-4E9A0689EAE2}.Debug|x86.ActiveCfg = Debug|Any CPU
		{703A19EB-1FF2-43DF-9D02-4E9A0689EAE2}.Debug|x86.Build.0 = Debug|Any CPU
		{703A19EB-1FF2-43DF-9D02-4E9A0689EAE2}.Release|Any CPU.ActiveCfg = Release|Any CPU
		{703A19EB-1FF2-43DF-9D02-4E9A0689EAE2}.Release|Any CPU.Build.0 = Release|Any CPU
		{703A19EB-1FF2-43DF-9D02-4E9A0689EAE2}.Release|ARM.ActiveCfg = Release|Any CPU
		{703A19EB-1FF2-43DF-9D02-4E9A0689EAE2}.Release|ARM.Build.0 = Release|Any CPU
		{703A19EB-1FF2-43DF-9D02-4E9A0689EAE2}.Release|x64.ActiveCfg = Release|Any CPU
		{703A19EB-1FF2-43DF-9D02-4E9A0689EAE2}.Release|x64.Build.0 = Release|Any CPU
		{703A19EB-1FF2-43DF-9D02-4E9A0689EAE2}.Release|x86.ActiveCfg = Release|Any CPU
		{703A19EB-1FF2-43DF-9D02-4E9A0689EAE2}.Release|x86.Build.0 = Release|Any CPU
		{4CED02B9-0D7F-4A08-9F41-FE255AB10C38}.Debug|Any CPU.ActiveCfg = Debug|Any CPU
		{4CED02B9-0D7F-4A08-9F41-FE255AB10C38}.Debug|Any CPU.Build.0 = Debug|Any CPU
		{4CED02B9-0D7F-4A08-9F41-FE255AB10C38}.Debug|ARM.ActiveCfg = Debug|Any CPU
		{4CED02B9-0D7F-4A08-9F41-FE255AB10C38}.Debug|ARM.Build.0 = Debug|Any CPU
		{4CED02B9-0D7F-4A08-9F41-FE255AB10C38}.Debug|x64.ActiveCfg = Debug|Any CPU
		{4CED02B9-0D7F-4A08-9F41-FE255AB10C38}.Debug|x64.Build.0 = Debug|Any CPU
		{4CED02B9-0D7F-4A08-9F41-FE255AB10C38}.Debug|x86.ActiveCfg = Debug|Any CPU
		{4CED02B9-0D7F-4A08-9F41-FE255AB10C38}.Debug|x86.Build.0 = Debug|Any CPU
		{4CED02B9-0D7F-4A08-9F41-FE255AB10C38}.Release|Any CPU.ActiveCfg = Release|Any CPU
		{4CED02B9-0D7F-4A08-9F41-FE255AB10C38}.Release|Any CPU.Build.0 = Release|Any CPU
		{4CED02B9-0D7F-4A08-9F41-FE255AB10C38}.Release|ARM.ActiveCfg = Release|Any CPU
		{4CED02B9-0D7F-4A08-9F41-FE255AB10C38}.Release|ARM.Build.0 = Release|Any CPU
		{4CED02B9-0D7F-4A08-9F41-FE255AB10C38}.Release|x64.ActiveCfg = Release|Any CPU
		{4CED02B9-0D7F-4A08-9F41-FE255AB10C38}.Release|x64.Build.0 = Release|Any CPU
		{4CED02B9-0D7F-4A08-9F41-FE255AB10C38}.Release|x86.ActiveCfg = Release|Any CPU
		{4CED02B9-0D7F-4A08-9F41-FE255AB10C38}.Release|x86.Build.0 = Release|Any CPU
		{8ED178BE-6952-4DA1-A3FD-ACD9164727F7}.Debug|Any CPU.ActiveCfg = Debug|Any CPU
		{8ED178BE-6952-4DA1-A3FD-ACD9164727F7}.Debug|Any CPU.Build.0 = Debug|Any CPU
		{8ED178BE-6952-4DA1-A3FD-ACD9164727F7}.Debug|ARM.ActiveCfg = Debug|Any CPU
		{8ED178BE-6952-4DA1-A3FD-ACD9164727F7}.Debug|ARM.Build.0 = Debug|Any CPU
		{8ED178BE-6952-4DA1-A3FD-ACD9164727F7}.Debug|x64.ActiveCfg = Debug|Any CPU
		{8ED178BE-6952-4DA1-A3FD-ACD9164727F7}.Debug|x64.Build.0 = Debug|Any CPU
		{8ED178BE-6952-4DA1-A3FD-ACD9164727F7}.Debug|x86.ActiveCfg = Debug|Any CPU
		{8ED178BE-6952-4DA1-A3FD-ACD9164727F7}.Debug|x86.Build.0 = Debug|Any CPU
		{8ED178BE-6952-4DA1-A3FD-ACD9164727F7}.Release|Any CPU.ActiveCfg = Release|Any CPU
		{8ED178BE-6952-4DA1-A3FD-ACD9164727F7}.Release|Any CPU.Build.0 = Release|Any CPU
		{8ED178BE-6952-4DA1-A3FD-ACD9164727F7}.Release|ARM.ActiveCfg = Release|Any CPU
		{8ED178BE-6952-4DA1-A3FD-ACD9164727F7}.Release|ARM.Build.0 = Release|Any CPU
		{8ED178BE-6952-4DA1-A3FD-ACD9164727F7}.Release|x64.ActiveCfg = Release|Any CPU
		{8ED178BE-6952-4DA1-A3FD-ACD9164727F7}.Release|x64.Build.0 = Release|Any CPU
		{8ED178BE-6952-4DA1-A3FD-ACD9164727F7}.Release|x86.ActiveCfg = Release|Any CPU
		{8ED178BE-6952-4DA1-A3FD-ACD9164727F7}.Release|x86.Build.0 = Release|Any CPU
		{2318FAEC-2EAF-43B5-9D38-9FC1FE96DE1B}.Debug|Any CPU.ActiveCfg = Debug|Any CPU
		{2318FAEC-2EAF-43B5-9D38-9FC1FE96DE1B}.Debug|Any CPU.Build.0 = Debug|Any CPU
		{2318FAEC-2EAF-43B5-9D38-9FC1FE96DE1B}.Debug|ARM.ActiveCfg = Debug|Any CPU
		{2318FAEC-2EAF-43B5-9D38-9FC1FE96DE1B}.Debug|ARM.Build.0 = Debug|Any CPU
		{2318FAEC-2EAF-43B5-9D38-9FC1FE96DE1B}.Debug|x64.ActiveCfg = Debug|Any CPU
		{2318FAEC-2EAF-43B5-9D38-9FC1FE96DE1B}.Debug|x64.Build.0 = Debug|Any CPU
		{2318FAEC-2EAF-43B5-9D38-9FC1FE96DE1B}.Debug|x86.ActiveCfg = Debug|Any CPU
		{2318FAEC-2EAF-43B5-9D38-9FC1FE96DE1B}.Debug|x86.Build.0 = Debug|Any CPU
		{2318FAEC-2EAF-43B5-9D38-9FC1FE96DE1B}.Release|Any CPU.ActiveCfg = Release|Any CPU
		{2318FAEC-2EAF-43B5-9D38-9FC1FE96DE1B}.Release|Any CPU.Build.0 = Release|Any CPU
		{2318FAEC-2EAF-43B5-9D38-9FC1FE96DE1B}.Release|ARM.ActiveCfg = Release|Any CPU
		{2318FAEC-2EAF-43B5-9D38-9FC1FE96DE1B}.Release|ARM.Build.0 = Release|Any CPU
		{2318FAEC-2EAF-43B5-9D38-9FC1FE96DE1B}.Release|x64.ActiveCfg = Release|Any CPU
		{2318FAEC-2EAF-43B5-9D38-9FC1FE96DE1B}.Release|x64.Build.0 = Release|Any CPU
		{2318FAEC-2EAF-43B5-9D38-9FC1FE96DE1B}.Release|x86.ActiveCfg = Release|Any CPU
		{2318FAEC-2EAF-43B5-9D38-9FC1FE96DE1B}.Release|x86.Build.0 = Release|Any CPU
		{D75C73AB-8301-430A-8741-C82806F12F86}.Debug|Any CPU.ActiveCfg = Debug|Any CPU
		{D75C73AB-8301-430A-8741-C82806F12F86}.Debug|Any CPU.Build.0 = Debug|Any CPU
		{D75C73AB-8301-430A-8741-C82806F12F86}.Debug|ARM.ActiveCfg = Debug|Any CPU
		{D75C73AB-8301-430A-8741-C82806F12F86}.Debug|ARM.Build.0 = Debug|Any CPU
		{D75C73AB-8301-430A-8741-C82806F12F86}.Debug|x64.ActiveCfg = Debug|Any CPU
		{D75C73AB-8301-430A-8741-C82806F12F86}.Debug|x64.Build.0 = Debug|Any CPU
		{D75C73AB-8301-430A-8741-C82806F12F86}.Debug|x86.ActiveCfg = Debug|Any CPU
		{D75C73AB-8301-430A-8741-C82806F12F86}.Debug|x86.Build.0 = Debug|Any CPU
		{D75C73AB-8301-430A-8741-C82806F12F86}.Release|Any CPU.ActiveCfg = Release|Any CPU
		{D75C73AB-8301-430A-8741-C82806F12F86}.Release|Any CPU.Build.0 = Release|Any CPU
		{D75C73AB-8301-430A-8741-C82806F12F86}.Release|ARM.ActiveCfg = Release|Any CPU
		{D75C73AB-8301-430A-8741-C82806F12F86}.Release|ARM.Build.0 = Release|Any CPU
		{D75C73AB-8301-430A-8741-C82806F12F86}.Release|x64.ActiveCfg = Release|Any CPU
		{D75C73AB-8301-430A-8741-C82806F12F86}.Release|x64.Build.0 = Release|Any CPU
		{D75C73AB-8301-430A-8741-C82806F12F86}.Release|x86.ActiveCfg = Release|Any CPU
		{D75C73AB-8301-430A-8741-C82806F12F86}.Release|x86.Build.0 = Release|Any CPU
		{81EFF371-7EE9-489B-B7F3-C812405802ED}.Debug|Any CPU.ActiveCfg = Debug|Any CPU
		{81EFF371-7EE9-489B-B7F3-C812405802ED}.Debug|Any CPU.Build.0 = Debug|Any CPU
		{81EFF371-7EE9-489B-B7F3-C812405802ED}.Debug|ARM.ActiveCfg = Debug|Any CPU
		{81EFF371-7EE9-489B-B7F3-C812405802ED}.Debug|ARM.Build.0 = Debug|Any CPU
		{81EFF371-7EE9-489B-B7F3-C812405802ED}.Debug|x64.ActiveCfg = Debug|Any CPU
		{81EFF371-7EE9-489B-B7F3-C812405802ED}.Debug|x64.Build.0 = Debug|Any CPU
		{81EFF371-7EE9-489B-B7F3-C812405802ED}.Debug|x86.ActiveCfg = Debug|Any CPU
		{81EFF371-7EE9-489B-B7F3-C812405802ED}.Debug|x86.Build.0 = Debug|Any CPU
		{81EFF371-7EE9-489B-B7F3-C812405802ED}.Release|Any CPU.ActiveCfg = Release|Any CPU
		{81EFF371-7EE9-489B-B7F3-C812405802ED}.Release|Any CPU.Build.0 = Release|Any CPU
		{81EFF371-7EE9-489B-B7F3-C812405802ED}.Release|ARM.ActiveCfg = Release|Any CPU
		{81EFF371-7EE9-489B-B7F3-C812405802ED}.Release|ARM.Build.0 = Release|Any CPU
		{81EFF371-7EE9-489B-B7F3-C812405802ED}.Release|x64.ActiveCfg = Release|Any CPU
		{81EFF371-7EE9-489B-B7F3-C812405802ED}.Release|x64.Build.0 = Release|Any CPU
		{81EFF371-7EE9-489B-B7F3-C812405802ED}.Release|x86.ActiveCfg = Release|Any CPU
		{81EFF371-7EE9-489B-B7F3-C812405802ED}.Release|x86.Build.0 = Release|Any CPU
		{562AE785-2F89-4C26-A379-B1CFB3E391D2}.Debug|Any CPU.ActiveCfg = Debug|Any CPU
		{562AE785-2F89-4C26-A379-B1CFB3E391D2}.Debug|Any CPU.Build.0 = Debug|Any CPU
		{562AE785-2F89-4C26-A379-B1CFB3E391D2}.Debug|ARM.ActiveCfg = Debug|Any CPU
		{562AE785-2F89-4C26-A379-B1CFB3E391D2}.Debug|ARM.Build.0 = Debug|Any CPU
		{562AE785-2F89-4C26-A379-B1CFB3E391D2}.Debug|x64.ActiveCfg = Debug|Any CPU
		{562AE785-2F89-4C26-A379-B1CFB3E391D2}.Debug|x64.Build.0 = Debug|Any CPU
		{562AE785-2F89-4C26-A379-B1CFB3E391D2}.Debug|x86.ActiveCfg = Debug|Any CPU
		{562AE785-2F89-4C26-A379-B1CFB3E391D2}.Debug|x86.Build.0 = Debug|Any CPU
		{562AE785-2F89-4C26-A379-B1CFB3E391D2}.Release|Any CPU.ActiveCfg = Release|Any CPU
		{562AE785-2F89-4C26-A379-B1CFB3E391D2}.Release|Any CPU.Build.0 = Release|Any CPU
		{562AE785-2F89-4C26-A379-B1CFB3E391D2}.Release|ARM.ActiveCfg = Release|Any CPU
		{562AE785-2F89-4C26-A379-B1CFB3E391D2}.Release|ARM.Build.0 = Release|Any CPU
		{562AE785-2F89-4C26-A379-B1CFB3E391D2}.Release|x64.ActiveCfg = Release|Any CPU
		{562AE785-2F89-4C26-A379-B1CFB3E391D2}.Release|x64.Build.0 = Release|Any CPU
		{562AE785-2F89-4C26-A379-B1CFB3E391D2}.Release|x86.ActiveCfg = Release|Any CPU
		{562AE785-2F89-4C26-A379-B1CFB3E391D2}.Release|x86.Build.0 = Release|Any CPU
	EndGlobalSection
	GlobalSection(SolutionProperties) = preSolution
		HideSolutionNode = FALSE
	EndGlobalSection
	GlobalSection(ExtensibilityGlobals) = postSolution
		SolutionGuid = {27285F5A-2E6D-4DDA-8C4E-028526A16875}
	EndGlobalSection
EndGlobal
